
Microsoft Visual Studio Solution File, Format Version 12.00
# Visual Studio Version 17
VisualStudioVersion = 17.11.35222.181
MinimumVisualStudioVersion = 10.0.40219.1
Project("{F184B08F-C81C-45F6-A57F-5ABD9991F28F}") = "Assigniment2", "Assigniment2.vbproj", "{C4062772-9DF6-422A-8E78-735B327B7752}"
EndProject
Global
	GlobalSection(SolutionConfigurationPlatforms) = preSolution
		Debug|Any CPU = Debug|Any CPU
		Release|Any CPU = Release|Any CPU
	EndGlobalSection
	GlobalSection(ProjectConfigurationPlatforms) = postSolution
		{C4062772-9DF6-422A-8E78-735B327B7752}.Debug|Any CPU.ActiveCfg = Debug|Any CPU
		{C4062772-9DF6-422A-8E78-735B327B7752}.Debug|Any CPU.Build.0 = Debug|Any CPU
		{C4062772-9DF6-422A-8E78-735B327B7752}.Release|Any CPU.ActiveCfg = Release|Any CPU
		{C4062772-9DF6-422A-8E78-735B327B7752}.Release|Any CPU.Build.0 = Release|Any CPU
	EndGlobalSection
	GlobalSection(SolutionProperties) = preSolution
		HideSolutionNode = FALSE
	EndGlobalSection
	GlobalSection(ExtensibilityGlobals) = postSolution
		SolutionGuid = {F4CBE821-9995-4F1B-9386-F008A42E9247}
	EndGlobalSection
EndGlobal
